
Microsoft Visual Studio Solution File, Format Version 12.00
# Visual Studio Version 16
VisualStudioVersion = 16.0.29806.167
MinimumVisualStudioVersion = 10.0.40219.1
Project("{FAE04EC0-301F-11D3-BF4B-00C04F79EFBC}") = "AsteroidGame", "AsteroidGame\AsteroidGame.csproj", "{CF32D12C-EB27-4827-9EC7-D8E6874596E8}"
EndProject
Project("{2150E333-8FDC-42A3-9474-1A3956D46DE8}") = "Tests", "Tests", "{8413083C-252D-4854-866F-EAD34CF742FF}"
EndProject
Project("{FAE04EC0-301F-11D3-BF4B-00C04F79EFBC}") = "TestConsole", "Tests\TestConsole\TestConsole.csproj", "{EB39D9B6-CBBC-4908-8C66-574291735B72}"
EndProject
Project("{FAE04EC0-301F-11D3-BF4B-00C04F79EFBC}") = "EmployeeTest", "Tests\EmployeeTest\EmployeeTest.csproj", "{219F3D29-1B30-4BF5-9BC7-669602275315}"
EndProject
Project("{FAE04EC0-301F-11D3-BF4B-00C04F79EFBC}") = "ListTest", "Tests\ListTest\ListTest.csproj", "{1D10F733-270D-4BC6-9704-FB92CDAD620C}"
EndProject
Project("{FAE04EC0-301F-11D3-BF4B-00C04F79EFBC}") = "PredicateTest", "Tests\PredicateTest\PredicateTest.csproj", "{CA198CF0-D596-4817-8C05-323A2008BDC6}"
EndProject
Project("{2150E333-8FDC-42A3-9474-1A3956D46DE8}") = "SimplesUI", "SimplesUI", "{D67824FE-5B70-4378-B1A0-A49BDFAB658A}"
EndProject
Project("{FAE04EC0-301F-11D3-BF4B-00C04F79EFBC}") = "TestWPFApp", "Tests\WPF\TestWPFApp\TestWPFApp.csproj", "{7737032D-E20E-449D-9048-6512F801F0B5}"
EndProject
Project("{FAE04EC0-301F-11D3-BF4B-00C04F79EFBC}") = "TestWinForm", "Tests\WinForms\TestWinForm\TestWinForm.csproj", "{C15DB86B-4396-47CC-8E84-67081145562A}"
EndProject
Project("{FAE04EC0-301F-11D3-BF4B-00C04F79EFBC}") = "WpfAppEmployee", "Tests\WpfAppEmployee\WpfAppEmployee.csproj", "{5A472CE5-22F7-4D3E-ADAB-955CEAA6EAC4}"
EndProject
Project("{2150E333-8FDC-42A3-9474-1A3956D46DE8}") = "BindingTest", "BindingTest", "{405DF3B5-C38B-4305-9303-53C7C3C295AE}"
EndProject
Project("{FAE04EC0-301F-11D3-BF4B-00C04F79EFBC}") = "BindingTestApp", "Tests\BindingTest\BindingTestApp\BindingTestApp.csproj", "{521AE56E-0948-4824-9E1F-505B2A76B69A}"
EndProject
Project("{FAE04EC0-301F-11D3-BF4B-00C04F79EFBC}") = "EmployeesManager", "Tests\BindingTest\EmployeesManager\EmployeesManager.csproj", "{DDD2C120-EAEF-45C2-B788-BAFE99FFA89E}"
EndProject
Global
	GlobalSection(SolutionConfigurationPlatforms) = preSolution
		Debug|Any CPU = Debug|Any CPU
		Debug|x64 = Debug|x64
		Release|Any CPU = Release|Any CPU
		Release|x64 = Release|x64
	EndGlobalSection
	GlobalSection(ProjectConfigurationPlatforms) = postSolution
		{CF32D12C-EB27-4827-9EC7-D8E6874596E8}.Debug|Any CPU.ActiveCfg = Debug|Any CPU
		{CF32D12C-EB27-4827-9EC7-D8E6874596E8}.Debug|Any CPU.Build.0 = Debug|Any CPU
		{CF32D12C-EB27-4827-9EC7-D8E6874596E8}.Debug|x64.ActiveCfg = Debug|x64
		{CF32D12C-EB27-4827-9EC7-D8E6874596E8}.Debug|x64.Build.0 = Debug|x64
		{CF32D12C-EB27-4827-9EC7-D8E6874596E8}.Release|Any CPU.ActiveCfg = Release|Any CPU
		{CF32D12C-EB27-4827-9EC7-D8E6874596E8}.Release|Any CPU.Build.0 = Release|Any CPU
		{CF32D12C-EB27-4827-9EC7-D8E6874596E8}.Release|x64.ActiveCfg = Release|x64
		{CF32D12C-EB27-4827-9EC7-D8E6874596E8}.Release|x64.Build.0 = Release|x64
		{EB39D9B6-CBBC-4908-8C66-574291735B72}.Debug|Any CPU.ActiveCfg = Debug|Any CPU
		{EB39D9B6-CBBC-4908-8C66-574291735B72}.Debug|Any CPU.Build.0 = Debug|Any CPU
		{EB39D9B6-CBBC-4908-8C66-574291735B72}.Debug|x64.ActiveCfg = Debug|Any CPU
		{EB39D9B6-CBBC-4908-8C66-574291735B72}.Debug|x64.Build.0 = Debug|Any CPU
		{EB39D9B6-CBBC-4908-8C66-574291735B72}.Release|Any CPU.ActiveCfg = Release|Any CPU
		{EB39D9B6-CBBC-4908-8C66-574291735B72}.Release|Any CPU.Build.0 = Release|Any CPU
		{EB39D9B6-CBBC-4908-8C66-574291735B72}.Release|x64.ActiveCfg = Release|Any CPU
		{EB39D9B6-CBBC-4908-8C66-574291735B72}.Release|x64.Build.0 = Release|Any CPU
		{219F3D29-1B30-4BF5-9BC7-669602275315}.Debug|Any CPU.ActiveCfg = Debug|Any CPU
		{219F3D29-1B30-4BF5-9BC7-669602275315}.Debug|Any CPU.Build.0 = Debug|Any CPU
		{219F3D29-1B30-4BF5-9BC7-669602275315}.Debug|x64.ActiveCfg = Debug|Any CPU
		{219F3D29-1B30-4BF5-9BC7-669602275315}.Debug|x64.Build.0 = Debug|Any CPU
		{219F3D29-1B30-4BF5-9BC7-669602275315}.Release|Any CPU.ActiveCfg = Release|Any CPU
		{219F3D29-1B30-4BF5-9BC7-669602275315}.Release|Any CPU.Build.0 = Release|Any CPU
		{219F3D29-1B30-4BF5-9BC7-669602275315}.Release|x64.ActiveCfg = Release|Any CPU
		{219F3D29-1B30-4BF5-9BC7-669602275315}.Release|x64.Build.0 = Release|Any CPU
		{1D10F733-270D-4BC6-9704-FB92CDAD620C}.Debug|Any CPU.ActiveCfg = Debug|Any CPU
		{1D10F733-270D-4BC6-9704-FB92CDAD620C}.Debug|Any CPU.Build.0 = Debug|Any CPU
		{1D10F733-270D-4BC6-9704-FB92CDAD620C}.Debug|x64.ActiveCfg = Debug|Any CPU
		{1D10F733-270D-4BC6-9704-FB92CDAD620C}.Debug|x64.Build.0 = Debug|Any CPU
		{1D10F733-270D-4BC6-9704-FB92CDAD620C}.Release|Any CPU.ActiveCfg = Release|Any CPU
		{1D10F733-270D-4BC6-9704-FB92CDAD620C}.Release|Any CPU.Build.0 = Release|Any CPU
		{1D10F733-270D-4BC6-9704-FB92CDAD620C}.Release|x64.ActiveCfg = Release|Any CPU
		{1D10F733-270D-4BC6-9704-FB92CDAD620C}.Release|x64.Build.0 = Release|Any CPU
		{CA198CF0-D596-4817-8C05-323A2008BDC6}.Debug|Any CPU.ActiveCfg = Debug|Any CPU
		{CA198CF0-D596-4817-8C05-323A2008BDC6}.Debug|Any CPU.Build.0 = Debug|Any CPU
		{CA198CF0-D596-4817-8C05-323A2008BDC6}.Debug|x64.ActiveCfg = Debug|Any CPU
		{CA198CF0-D596-4817-8C05-323A2008BDC6}.Debug|x64.Build.0 = Debug|Any CPU
		{CA198CF0-D596-4817-8C05-323A2008BDC6}.Release|Any CPU.ActiveCfg = Release|Any CPU
		{CA198CF0-D596-4817-8C05-323A2008BDC6}.Release|Any CPU.Build.0 = Release|Any CPU
		{CA198CF0-D596-4817-8C05-323A2008BDC6}.Release|x64.ActiveCfg = Release|Any CPU
		{CA198CF0-D596-4817-8C05-323A2008BDC6}.Release|x64.Build.0 = Release|Any CPU
		{7737032D-E20E-449D-9048-6512F801F0B5}.Debug|Any CPU.ActiveCfg = Debug|Any CPU
		{7737032D-E20E-449D-9048-6512F801F0B5}.Debug|Any CPU.Build.0 = Debug|Any CPU
		{7737032D-E20E-449D-9048-6512F801F0B5}.Debug|x64.ActiveCfg = Debug|Any CPU
		{7737032D-E20E-449D-9048-6512F801F0B5}.Debug|x64.Build.0 = Debug|Any CPU
		{7737032D-E20E-449D-9048-6512F801F0B5}.Release|Any CPU.ActiveCfg = Release|Any CPU
		{7737032D-E20E-449D-9048-6512F801F0B5}.Release|Any CPU.Build.0 = Release|Any CPU
		{7737032D-E20E-449D-9048-6512F801F0B5}.Release|x64.ActiveCfg = Release|Any CPU
		{7737032D-E20E-449D-9048-6512F801F0B5}.Release|x64.Build.0 = Release|Any CPU
		{C15DB86B-4396-47CC-8E84-67081145562A}.Debug|Any CPU.ActiveCfg = Debug|Any CPU
		{C15DB86B-4396-47CC-8E84-67081145562A}.Debug|Any CPU.Build.0 = Debug|Any CPU
		{C15DB86B-4396-47CC-8E84-67081145562A}.Debug|x64.ActiveCfg = Debug|Any CPU
		{C15DB86B-4396-47CC-8E84-67081145562A}.Debug|x64.Build.0 = Debug|Any CPU
		{C15DB86B-4396-47CC-8E84-67081145562A}.Release|Any CPU.ActiveCfg = Release|Any CPU
		{C15DB86B-4396-47CC-8E84-67081145562A}.Release|Any CPU.Build.0 = Release|Any CPU
		{C15DB86B-4396-47CC-8E84-67081145562A}.Release|x64.ActiveCfg = Release|Any CPU
		{C15DB86B-4396-47CC-8E84-67081145562A}.Release|x64.Build.0 = Release|Any CPU
		{5A472CE5-22F7-4D3E-ADAB-955CEAA6EAC4}.Debug|Any CPU.ActiveCfg = Debug|Any CPU
		{5A472CE5-22F7-4D3E-ADAB-955CEAA6EAC4}.Debug|Any CPU.Build.0 = Debug|Any CPU
		{5A472CE5-22F7-4D3E-ADAB-955CEAA6EAC4}.Debug|x64.ActiveCfg = Debug|Any CPU
		{5A472CE5-22F7-4D3E-ADAB-955CEAA6EAC4}.Debug|x64.Build.0 = Debug|Any CPU
		{5A472CE5-22F7-4D3E-ADAB-955CEAA6EAC4}.Release|Any CPU.ActiveCfg = Release|Any CPU
		{5A472CE5-22F7-4D3E-ADAB-955CEAA6EAC4}.Release|Any CPU.Build.0 = Release|Any CPU
		{5A472CE5-22F7-4D3E-ADAB-955CEAA6EAC4}.Release|x64.ActiveCfg = Release|Any CPU
		{5A472CE5-22F7-4D3E-ADAB-955CEAA6EAC4}.Release|x64.Build.0 = Release|Any CPU
		{521AE56E-0948-4824-9E1F-505B2A76B69A}.Debug|Any CPU.ActiveCfg = Debug|Any CPU
		{521AE56E-0948-4824-9E1F-505B2A76B69A}.Debug|Any CPU.Build.0 = Debug|Any CPU
		{521AE56E-0948-4824-9E1F-505B2A76B69A}.Debug|x64.ActiveCfg = Debug|Any CPU
		{521AE56E-0948-4824-9E1F-505B2A76B69A}.Debug|x64.Build.0 = Debug|Any CPU
		{521AE56E-0948-4824-9E1F-505B2A76B69A}.Release|Any CPU.ActiveCfg = Release|Any CPU
		{521AE56E-0948-4824-9E1F-505B2A76B69A}.Release|Any CPU.Build.0 = Release|Any CPU
		{521AE56E-0948-4824-9E1F-505B2A76B69A}.Release|x64.ActiveCfg = Release|Any CPU
		{521AE56E-0948-4824-9E1F-505B2A76B69A}.Release|x64.Build.0 = Release|Any CPU
		{DDD2C120-EAEF-45C2-B788-BAFE99FFA89E}.Debug|Any CPU.ActiveCfg = Debug|Any CPU
		{DDD2C120-EAEF-45C2-B788-BAFE99FFA89E}.Debug|Any CPU.Build.0 = Debug|Any CPU
		{DDD2C120-EAEF-45C2-B788-BAFE99FFA89E}.Debug|x64.ActiveCfg = Debug|Any CPU
		{DDD2C120-EAEF-45C2-B788-BAFE99FFA89E}.Debug|x64.Build.0 = Debug|Any CPU
		{DDD2C120-EAEF-45C2-B788-BAFE99FFA89E}.Release|Any CPU.ActiveCfg = Release|Any CPU
		{DDD2C120-EAEF-45C2-B788-BAFE99FFA89E}.Release|Any CPU.Build.0 = Release|Any CPU
		{DDD2C120-EAEF-45C2-B788-BAFE99FFA89E}.Release|x64.ActiveCfg = Release|Any CPU
		{DDD2C120-EAEF-45C2-B788-BAFE99FFA89E}.Release|x64.Build.0 = Release|Any CPU
	EndGlobalSection
	GlobalSection(SolutionProperties) = preSolution
		HideSolutionNode = FALSE
	EndGlobalSection
	GlobalSection(NestedProjects) = preSolution
		{EB39D9B6-CBBC-4908-8C66-574291735B72} = {8413083C-252D-4854-866F-EAD34CF742FF}
		{219F3D29-1B30-4BF5-9BC7-669602275315} = {8413083C-252D-4854-866F-EAD34CF742FF}
		{1D10F733-270D-4BC6-9704-FB92CDAD620C} = {8413083C-252D-4854-866F-EAD34CF742FF}
		{CA198CF0-D596-4817-8C05-323A2008BDC6} = {8413083C-252D-4854-866F-EAD34CF742FF}
		{D67824FE-5B70-4378-B1A0-A49BDFAB658A} = {8413083C-252D-4854-866F-EAD34CF742FF}
		{7737032D-E20E-449D-9048-6512F801F0B5} = {D67824FE-5B70-4378-B1A0-A49BDFAB658A}
		{C15DB86B-4396-47CC-8E84-67081145562A} = {D67824FE-5B70-4378-B1A0-A49BDFAB658A}
		{5A472CE5-22F7-4D3E-ADAB-955CEAA6EAC4} = {8413083C-252D-4854-866F-EAD34CF742FF}
		{405DF3B5-C38B-4305-9303-53C7C3C295AE} = {8413083C-252D-4854-866F-EAD34CF742FF}
		{521AE56E-0948-4824-9E1F-505B2A76B69A} = {405DF3B5-C38B-4305-9303-53C7C3C295AE}
		{DDD2C120-EAEF-45C2-B788-BAFE99FFA89E} = {405DF3B5-C38B-4305-9303-53C7C3C295AE}
	EndGlobalSection
	GlobalSection(ExtensibilityGlobals) = postSolution
		SolutionGuid = {6043DD78-6ED9-462E-A0B8-FA8E9F669E20}
	EndGlobalSection
EndGlobal
